PODS:
  - connectivity_plus (0.0.1):
    - Flutter
    - FlutterMacOS
  - Flutter (1.0.0)
  - integration_test (0.0.1):
    - Flutter
  - sqflite (0.0.3):
    - Flutter
    - FlutterMacOS

DEPENDENCIES:
  - connectivity_plus (from `.symlinks/plugins/connectivity_plus/darwin`)
  - Flutter (from `Flutter`)
  - integration_test (from `.symlinks/plugins/integration_test/ios`)
  - sqflite (from `.symlinks/plugins/sqflite/darwin`)

EXTERNAL SOURCES:
  connectivity_plus:
    :path: ".symlinks/plugins/connectivity_plus/darwin"
  Flutter:
    :path: Flutter
  integration_test:
    :path: ".symlinks/plugins/integration_test/ios"
  sqflite:
    :path: ".symlinks/plugins/sqflite/darwin"

SPEC CHECKSUMS:
  connectivity_plus: ddd7f30999e1faaef5967c23d5b6d503d10434db
  Flutter: e0871f40cf51350855a761d2e70bf5af5b9b5de7
  integration_test: ce0a3ffa1de96d1a89ca0ac26fca7ea18a749ef4
  sqflite: 673a0e54cc04b7d6dba8d24fb8095b31c3a99eec

PODFILE CHECKSUM: 819463e6a0290f5a72f145ba7cde16e8b6ef0796

COCOAPODS: 1.15.2
